{
  "name": "@treecg/connector-file",
  "version": "1.0.7",
  "lockfileVersion": 2,
  "requires": true,
  "packages": {
    "": {
      "name": "@treecg/connector-file",
      "version": "1.0.7",
      "license": "MIT",
      "dependencies": {
        "watcher": "^2.2.2"
      }
    },
    "node_modules/dettle": {
      "version": "1.0.1",
      "resolved": "https://registry.npmjs.org/dettle/-/dettle-1.0.1.tgz",
      "integrity": "sha512-/oD3At60ZfhgzpofJtyClNTrIACyMdRe+ih0YiHzAniN0IZnLdLpEzgR6RtGs3kowxUkTnvV/4t1FBxXMUdusQ=="
    },
    "node_modules/ripstat": {
      "version": "2.0.2",
      "resolved": "https://registry.npmjs.org/ripstat/-/ripstat-2.0.2.tgz",
      "integrity": "sha512-93g4yBvHzYwl9issdCObsHBojarat+rGT4QDFR0gFrOO4UrG90XUufMGkaSCn21awp08ahP/mQlqIiVFsTH8LQ==",
      "dependencies": {
        "stubborn-fs": "^1.2.4"
      }
    },
    "node_modules/stubborn-fs": {
      "version": "1.2.4",
      "resolved": "https://registry.npmjs.org/stubborn-fs/-/stubborn-fs-1.2.4.tgz",
      "integrity": "sha512-KRa4nIRJ8q6uApQbPwYZVhOof8979fw4xbajBWa5kPJFa4nyY3aFaMWVyIVCDnkNCCG/3HLipUZ4QaNlYsmX1w=="
    },
    "node_modules/tiny-readdir": {
      "version": "2.2.0",
      "resolved": "https://registry.npmjs.org/tiny-readdir/-/tiny-readdir-2.2.0.tgz",
      "integrity": "sha512-bO4IgID5M2x5YQFBru/wREgT30YuA8aoOd/F8Rd6LKRIn1gOe9aREjT74J9EVukHqI/2RB+4SM1RgXM0gwxoWw=="
    },
    "node_modules/watcher": {
      "version": "2.2.2",
      "resolved": "https://registry.npmjs.org/watcher/-/watcher-2.2.2.tgz",
      "integrity": "sha512-q6H+WoyFUtcKbOiMh8HqtHqv8qMbJdAunALRyp3/Iwi/8vEBZ86AV71vTcbiX1JrtvbM2FeqQTFrXLIs9jT7EQ==",
      "dependencies": {
        "dettle": "^1.0.1",
        "ripstat": "^2.0.0",
        "tiny-readdir": "^2.2.0"
      }
    }
  },
  "dependencies": {
    "dettle": {
      "version": "1.0.1",
      "resolved": "https://registry.npmjs.org/dettle/-/dettle-1.0.1.tgz",
      "integrity": "sha512-/oD3At60ZfhgzpofJtyClNTrIACyMdRe+ih0YiHzAniN0IZnLdLpEzgR6RtGs3kowxUkTnvV/4t1FBxXMUdusQ=="
    },
    "ripstat": {
      "version": "2.0.2",
      "resolved": "https://registry.npmjs.org/ripstat/-/ripstat-2.0.2.tgz",
      "integrity": "sha512-93g4yBvHzYwl9issdCObsHBojarat+rGT4QDFR0gFrOO4UrG90XUufMGkaSCn21awp08ahP/mQlqIiVFsTH8LQ==",
      "requires": {
        "stubborn-fs": "^1.2.4"
      }
    },
    "stubborn-fs": {
      "version": "1.2.4",
      "resolved": "https://registry.npmjs.org/stubborn-fs/-/stubborn-fs-1.2.4.tgz",
      "integrity": "sha512-KRa4nIRJ8q6uApQbPwYZVhOof8979fw4xbajBWa5kPJFa4nyY3aFaMWVyIVCDnkNCCG/3HLipUZ4QaNlYsmX1w=="
    },
    "tiny-readdir": {
      "version": "2.2.0",
      "resolved": "https://registry.npmjs.org/tiny-readdir/-/tiny-readdir-2.2.0.tgz",
      "integrity": "sha512-bO4IgID5M2x5YQFBru/wREgT30YuA8aoOd/F8Rd6LKRIn1gOe9aREjT74J9EVukHqI/2RB+4SM1RgXM0gwxoWw=="
    },
    "watcher": {
      "version": "2.2.2",
      "resolved": "https://registry.npmjs.org/watcher/-/watcher-2.2.2.tgz",
      "integrity": "sha512-q6H+WoyFUtcKbOiMh8HqtHqv8qMbJdAunALRyp3/Iwi/8vEBZ86AV71vTcbiX1JrtvbM2FeqQTFrXLIs9jT7EQ==",
      "requires": {
        "dettle": "^1.0.1",
        "ripstat": "^2.0.0",
        "tiny-readdir": "^2.2.0"
      }
    }
  }
}
