{
	"name": "@treecg/connector-file",
	"version": "1.0.7",
	"lockfileVersion": 2,
	"requires": true,
	"packages": {
		"": {
			"name": "@treecg/connector-file",
			"version": "1.0.7",
			"license": "ISC",
			"dependencies": {
				"watcher": "^1.2.0"
			}
		},
		"../connector-kafka": {
			"name": "@treecg/connector-kafka",
			"version": "1.2.1",
			"extraneous": true,
			"license": "ISC",
			"dependencies": {
				"@treecg/connector-types": "^1.1.1",
				"kafkajs": "^1.16.0"
			}
		},
		"../connector-ldes": {
			"name": "@treecg/connector-ldes",
			"version": "1.1.1",
			"extraneous": true,
			"license": "ISC",
			"dependencies": {
				"@comunica/bus-init": "=1.20.0",
				"@comunica/bus-rdf-metadata-extract": "1.21.1",
				"@comunica/core": "1.21.1",
				"@rdfjs/types": "^1.1.0",
				"@treecg/actor-init-ldes-client": "^2.5.8",
				"@treecg/actor-rdf-filter-object-with-framing": "^2.3.6",
				"@treecg/actor-rdf-filter-objects-with-quadstore": "^2.3.6",
				"@treecg/actor-rdf-frame-with-json-ld-js": "^2.3.6",
				"@treecg/actor-rdf-metadata-extract-tree": "^1.20.0",
				"@treecg/bus-rdf-filter-object": "^2.3.4",
				"@treecg/bus-rdf-frame": "^2.3.4",
				"@treecg/connector-types": "^1.1.1",
				"arrayify-stream": "^1.0.0",
				"rdf-data-factory": "^1.1.0",
				"rdf-parse": "^1.9.1"
			},
			"devDependencies": {
				"@types/clownface": "^1.2.6",
				"@types/node": "^14.0.0"
			}
		},
		"../connector-ws": {
			"name": "@treecg/connector-ws",
			"version": "1.1.1",
			"extraneous": true,
			"license": "ISC",
			"dependencies": {
				"@treecg/connector-types": "^1.1.1",
				"ws": "^8.5.0"
			},
			"devDependencies": {
				"@types/ws": "^8.5.3"
			}
		},
		"../types": {
			"name": "@treecg/connector-types",
			"version": "1.1.3",
			"extraneous": true,
			"license": "ISC",
			"devDependencies": {
				"typescript": "^4.6.3"
			}
		},
		"node_modules/aborter": {
			"version": "1.1.0",
			"resolved": "https://registry.npmjs.org/aborter/-/aborter-1.1.0.tgz",
			"integrity": "sha512-9rHWMcWTEYsMB4l+ttgPujR7OiXH9NQbP0ej+SSVaK1e2yU/tePbYm8g/g9cQhJkgczp6lpEB2fdJYLKT/T0mg=="
		},
		"node_modules/are-shallow-equal": {
			"version": "1.1.1",
			"resolved": "https://registry.npmjs.org/are-shallow-equal/-/are-shallow-equal-1.1.1.tgz",
			"integrity": "sha512-Y0MC/7IP+WZSo0NgYDwww7euKssEodUJxjby3fmNurEDcbq8htqSgyI7a7HELJzkzNv26dOH5vKQFlzCt1H9Ag==",
			"dependencies": {
				"is-primitive": "^3.0.1"
			}
		},
		"node_modules/atomically": {
			"version": "1.7.0",
			"resolved": "https://registry.npmjs.org/atomically/-/atomically-1.7.0.tgz",
			"integrity": "sha512-Xcz9l0z7y9yQ9rdDaxlmaI4uJHf/T8g9hOEzJcsEqX2SjCj4J20uK7+ldkDHMbpJDK76wF7xEIgxc/vSlsfw5w==",
			"engines": {
				"node": ">=10.12.0"
			}
		},
		"node_modules/debounce": {
			"version": "1.2.1",
			"resolved": "https://registry.npmjs.org/debounce/-/debounce-1.2.1.tgz",
			"integrity": "sha512-XRRe6Glud4rd/ZGQfiV1ruXSfbvfJedlV9Y6zOlP+2K04vBYiJEte6stfFkCP03aMnY5tsipamumUjL14fofug=="
		},
		"node_modules/is-primitive": {
			"version": "3.0.1",
			"resolved": "https://registry.npmjs.org/is-primitive/-/is-primitive-3.0.1.tgz",
			"integrity": "sha512-GljRxhWvlCNRfZyORiH77FwdFwGcMO620o37EOYC0ORWdq+WYNVqW0w2Juzew4M+L81l6/QS3t5gkkihyRqv9w==",
			"engines": {
				"node": ">=0.10.0"
			}
		},
		"node_modules/promise-concurrency-limiter": {
			"version": "1.0.0",
			"resolved": "https://registry.npmjs.org/promise-concurrency-limiter/-/promise-concurrency-limiter-1.0.0.tgz",
			"integrity": "sha512-OI96yL5DUck9KCLee5H6DnRfVsHIstQspXk8xsYrWr9ur9IlFuzKvoU70HwQb99MqHg2mpdkuGa92NuoXue3cw=="
		},
		"node_modules/ripstat": {
			"version": "1.1.1",
			"resolved": "https://registry.npmjs.org/ripstat/-/ripstat-1.1.1.tgz",
			"integrity": "sha512-O+KrJUwY3Q8cArNraH136svsDlNmRh6mnJ9TogkpcGWBvd2Kks5d5HGsZRnWt9h3kh8D4uq62kdlYihONjgj5w==",
			"dependencies": {
				"atomically": "^1.7.0"
			}
		},
		"node_modules/string-indexes": {
			"version": "1.0.0",
			"resolved": "https://registry.npmjs.org/string-indexes/-/string-indexes-1.0.0.tgz",
			"integrity": "sha512-RUlx+2YydZJNlRAvoh1siPYWj/Xfk6t1sQLkA5n1tMGRCKkRLzkRtJhHk4qRmKergEBh8R3pWhsUsDqia/bolw=="
		},
		"node_modules/tiny-readdir": {
			"version": "1.5.0",
			"resolved": "https://registry.npmjs.org/tiny-readdir/-/tiny-readdir-1.5.0.tgz",
			"integrity": "sha512-Nep9qu34bOZApNkEnJu4V1WcgxW1kCGlYN8SYwMzZfqpv6f2E1n5vPHLczJqy2vOQ1rQG/m9fI3DQbIFXAQNGw==",
			"dependencies": {
				"promise-concurrency-limiter": "^1.0.0"
			},
			"engines": {
				"node": ">= 10.12.0"
			}
		},
		"node_modules/watcher": {
			"version": "1.2.0",
			"resolved": "https://registry.npmjs.org/watcher/-/watcher-1.2.0.tgz",
			"integrity": "sha512-f2KFU8ZRSDfTXdI2Y6Ge7DXVnCx9QnlGScwUHPh+YPkbFWZS983KfgHddj+KBWZGrCCuRanYvDz91p65d9/h4w==",
			"dependencies": {
				"aborter": "^1.0.0",
				"are-shallow-equal": "^1.1.1",
				"debounce": "^1.2.0",
				"ripstat": "^1.1.1",
				"string-indexes": "^1.0.0",
				"tiny-readdir": "^1.5.0"
			},
			"engines": {
				"node": ">= 12.0.0"
			}
		}
	},
	"dependencies": {
		"aborter": {
			"version": "1.1.0",
			"resolved": "https://registry.npmjs.org/aborter/-/aborter-1.1.0.tgz",
			"integrity": "sha512-9rHWMcWTEYsMB4l+ttgPujR7OiXH9NQbP0ej+SSVaK1e2yU/tePbYm8g/g9cQhJkgczp6lpEB2fdJYLKT/T0mg=="
		},
		"are-shallow-equal": {
			"version": "1.1.1",
			"resolved": "https://registry.npmjs.org/are-shallow-equal/-/are-shallow-equal-1.1.1.tgz",
			"integrity": "sha512-Y0MC/7IP+WZSo0NgYDwww7euKssEodUJxjby3fmNurEDcbq8htqSgyI7a7HELJzkzNv26dOH5vKQFlzCt1H9Ag==",
			"requires": {
				"is-primitive": "^3.0.1"
			}
		},
		"atomically": {
			"version": "1.7.0",
			"resolved": "https://registry.npmjs.org/atomically/-/atomically-1.7.0.tgz",
			"integrity": "sha512-Xcz9l0z7y9yQ9rdDaxlmaI4uJHf/T8g9hOEzJcsEqX2SjCj4J20uK7+ldkDHMbpJDK76wF7xEIgxc/vSlsfw5w=="
		},
		"debounce": {
			"version": "1.2.1",
			"resolved": "https://registry.npmjs.org/debounce/-/debounce-1.2.1.tgz",
			"integrity": "sha512-XRRe6Glud4rd/ZGQfiV1ruXSfbvfJedlV9Y6zOlP+2K04vBYiJEte6stfFkCP03aMnY5tsipamumUjL14fofug=="
		},
		"is-primitive": {
			"version": "3.0.1",
			"resolved": "https://registry.npmjs.org/is-primitive/-/is-primitive-3.0.1.tgz",
			"integrity": "sha512-GljRxhWvlCNRfZyORiH77FwdFwGcMO620o37EOYC0ORWdq+WYNVqW0w2Juzew4M+L81l6/QS3t5gkkihyRqv9w=="
		},
		"promise-concurrency-limiter": {
			"version": "1.0.0",
			"resolved": "https://registry.npmjs.org/promise-concurrency-limiter/-/promise-concurrency-limiter-1.0.0.tgz",
			"integrity": "sha512-OI96yL5DUck9KCLee5H6DnRfVsHIstQspXk8xsYrWr9ur9IlFuzKvoU70HwQb99MqHg2mpdkuGa92NuoXue3cw=="
		},
		"ripstat": {
			"version": "1.1.1",
			"resolved": "https://registry.npmjs.org/ripstat/-/ripstat-1.1.1.tgz",
			"integrity": "sha512-O+KrJUwY3Q8cArNraH136svsDlNmRh6mnJ9TogkpcGWBvd2Kks5d5HGsZRnWt9h3kh8D4uq62kdlYihONjgj5w==",
			"requires": {
				"atomically": "^1.7.0"
			}
		},
		"string-indexes": {
			"version": "1.0.0",
			"resolved": "https://registry.npmjs.org/string-indexes/-/string-indexes-1.0.0.tgz",
			"integrity": "sha512-RUlx+2YydZJNlRAvoh1siPYWj/Xfk6t1sQLkA5n1tMGRCKkRLzkRtJhHk4qRmKergEBh8R3pWhsUsDqia/bolw=="
		},
		"tiny-readdir": {
			"version": "1.5.0",
			"resolved": "https://registry.npmjs.org/tiny-readdir/-/tiny-readdir-1.5.0.tgz",
			"integrity": "sha512-Nep9qu34bOZApNkEnJu4V1WcgxW1kCGlYN8SYwMzZfqpv6f2E1n5vPHLczJqy2vOQ1rQG/m9fI3DQbIFXAQNGw==",
			"requires": {
				"promise-concurrency-limiter": "^1.0.0"
			}
		},
		"watcher": {
			"version": "1.2.0",
			"resolved": "https://registry.npmjs.org/watcher/-/watcher-1.2.0.tgz",
			"integrity": "sha512-f2KFU8ZRSDfTXdI2Y6Ge7DXVnCx9QnlGScwUHPh+YPkbFWZS983KfgHddj+KBWZGrCCuRanYvDz91p65d9/h4w==",
			"requires": {
				"aborter": "^1.0.0",
				"are-shallow-equal": "^1.1.1",
				"debounce": "^1.2.0",
				"ripstat": "^1.1.1",
				"string-indexes": "^1.0.0",
				"tiny-readdir": "^1.5.0"
			}
		}
	}
}
