{
  "name": "@treecg/connector-file",
  "version": "1.0.0",
  "lockfileVersion": 2,
  "requires": true,
  "packages": {
    "": {
      "name": "@treecg/connector-file",
      "version": "1.0.0",
      "license": "ISC",
      "dependencies": {
        "@logdna/tail-file": "^2.2.0",
        "@treecg/connector-types": "^1.1.1"
      }
    },
    "../connector-kafka": {
      "name": "@treecg/connector-kafka",
      "version": "1.2.1",
      "extraneous": true,
      "license": "ISC",
      "dependencies": {
        "@treecg/connector-types": "^1.1.1",
        "kafkajs": "^1.16.0"
      }
    },
    "../connector-ldes": {
      "name": "@treecg/connector-ldes",
      "version": "1.1.1",
      "extraneous": true,
      "license": "ISC",
      "dependencies": {
        "@comunica/bus-init": "=1.20.0",
        "@comunica/bus-rdf-metadata-extract": "1.21.1",
        "@comunica/core": "1.21.1",
        "@rdfjs/types": "^1.1.0",
        "@treecg/actor-init-ldes-client": "^2.5.8",
        "@treecg/actor-rdf-filter-object-with-framing": "^2.3.6",
        "@treecg/actor-rdf-filter-objects-with-quadstore": "^2.3.6",
        "@treecg/actor-rdf-frame-with-json-ld-js": "^2.3.6",
        "@treecg/actor-rdf-metadata-extract-tree": "^1.20.0",
        "@treecg/bus-rdf-filter-object": "^2.3.4",
        "@treecg/bus-rdf-frame": "^2.3.4",
        "@treecg/connector-types": "^1.1.1",
        "arrayify-stream": "^1.0.0",
        "rdf-data-factory": "^1.1.0",
        "rdf-parse": "^1.9.1"
      },
      "devDependencies": {
        "@types/clownface": "^1.2.6",
        "@types/node": "^14.0.0"
      }
    },
    "../connector-ws": {
      "name": "@treecg/connector-ws",
      "version": "1.1.1",
      "extraneous": true,
      "license": "ISC",
      "dependencies": {
        "@treecg/connector-types": "^1.1.1",
        "ws": "^8.5.0"
      },
      "devDependencies": {
        "@types/ws": "^8.5.3"
      }
    },
    "../types": {
      "name": "@treecg/connector-types",
      "version": "1.1.1",
      "license": "ISC",
      "devDependencies": {
        "typescript": "^4.6.3"
      }
    },
    "../types/node_modules/typescript": {
      "version": "4.6.3",
      "dev": true,
      "license": "Apache-2.0",
      "bin": {
        "tsc": "bin/tsc",
        "tsserver": "bin/tsserver"
      },
      "engines": {
        "node": ">=4.2.0"
      }
    },
    "node_modules/@logdna/tail-file": {
      "version": "2.2.0",
      "resolved": "https://registry.npmjs.org/@logdna/tail-file/-/tail-file-2.2.0.tgz",
      "integrity": "sha512-XGSsWDweP80Fks16lwkAUIr54ICyBs6PsI4mpfTLQaWgEJRtY9xEV+PeyDpJ+sJEGZxqINlpmAwe/6tS1pP8Ng==",
      "engines": {
        "node": ">=10.3.0"
      }
    },
    "node_modules/@treecg/connector-types": {
      "resolved": "../types",
      "link": true
    }
  },
  "dependencies": {
    "@logdna/tail-file": {
      "version": "2.2.0",
      "resolved": "https://registry.npmjs.org/@logdna/tail-file/-/tail-file-2.2.0.tgz",
      "integrity": "sha512-XGSsWDweP80Fks16lwkAUIr54ICyBs6PsI4mpfTLQaWgEJRtY9xEV+PeyDpJ+sJEGZxqINlpmAwe/6tS1pP8Ng=="
    },
    "@treecg/connector-types": {
      "version": "file:../types",
      "requires": {
        "typescript": "^4.6.3"
      },
      "dependencies": {
        "typescript": {
          "version": "4.6.3",
          "dev": true
        }
      }
    }
  }
}
